
Microsoft Visual Studio Solution File, Format Version 12.00
# Visual Studio 2013
VisualStudioVersion = 12.0.30501.0
MinimumVisualStudioVersion = 10.0.40219.1
Project("{FAE04EC0-301F-11D3-BF4B-00C04F79EFBC}") = "Client", "WpfApplication1\Client.csproj", "{89CA1652-FEF7-4B87-8E74-F0B655B1FF62}"
EndProject
Project("{FAE04EC0-301F-11D3-BF4B-00C04F79EFBC}") = "ChatServer", "ChatServer\ChatServer.csproj", "{208EA444-78AC-491C-8C03-619F4BD2FFEC}"
EndProject
Project("{FAE04EC0-301F-11D3-BF4B-00C04F79EFBC}") = "ChatInterface", "ChatInterface\ChatInterface.csproj", "{81DA90BC-EC60-4B52-88B9-38960F705A29}"
EndProject
Project("{F088123C-0E9E-452A-89E6-6BA2F21D5CAC}") = "ModelingProject1", "ModelingProject1\ModelingProject1.modelproj", "{956B1AE6-B491-4247-B08A-DA7178F8CFBF}"
EndProject
Global
	GlobalSection(SolutionConfigurationPlatforms) = preSolution
		Debug|Any CPU = Debug|Any CPU
		Release|Any CPU = Release|Any CPU
	EndGlobalSection
	GlobalSection(ProjectConfigurationPlatforms) = postSolution
		{89CA1652-FEF7-4B87-8E74-F0B655B1FF62}.Debug|Any CPU.ActiveCfg = Debug|Any CPU
		{89CA1652-FEF7-4B87-8E74-F0B655B1FF62}.Debug|Any CPU.Build.0 = Debug|Any CPU
		{89CA1652-FEF7-4B87-8E74-F0B655B1FF62}.Release|Any CPU.ActiveCfg = Release|Any CPU
		{89CA1652-FEF7-4B87-8E74-F0B655B1FF62}.Release|Any CPU.Build.0 = Release|Any CPU
		{208EA444-78AC-491C-8C03-619F4BD2FFEC}.Debug|Any CPU.ActiveCfg = Debug|Any CPU
		{208EA444-78AC-491C-8C03-619F4BD2FFEC}.Debug|Any CPU.Build.0 = Debug|Any CPU
		{208EA444-78AC-491C-8C03-619F4BD2FFEC}.Release|Any CPU.ActiveCfg = Release|Any CPU
		{208EA444-78AC-491C-8C03-619F4BD2FFEC}.Release|Any CPU.Build.0 = Release|Any CPU
		{81DA90BC-EC60-4B52-88B9-38960F705A29}.Debug|Any CPU.ActiveCfg = Debug|Any CPU
		{81DA90BC-EC60-4B52-88B9-38960F705A29}.Debug|Any CPU.Build.0 = Debug|Any CPU
		{81DA90BC-EC60-4B52-88B9-38960F705A29}.Release|Any CPU.ActiveCfg = Release|Any CPU
		{81DA90BC-EC60-4B52-88B9-38960F705A29}.Release|Any CPU.Build.0 = Release|Any CPU
		{956B1AE6-B491-4247-B08A-DA7178F8CFBF}.Debug|Any CPU.ActiveCfg = Debug|Any CPU
		{956B1AE6-B491-4247-B08A-DA7178F8CFBF}.Debug|Any CPU.Build.0 = Debug|Any CPU
		{956B1AE6-B491-4247-B08A-DA7178F8CFBF}.Release|Any CPU.ActiveCfg = Release|Any CPU
		{956B1AE6-B491-4247-B08A-DA7178F8CFBF}.Release|Any CPU.Build.0 = Release|Any CPU
	EndGlobalSection
	GlobalSection(SolutionProperties) = preSolution
		HideSolutionNode = FALSE
	EndGlobalSection
EndGlobal
